// !$*UTF8*$!
{
	archiveVersion = 1;
	classes = {
	};
	objectVersion = 46;
	objects = {

/* Begin PBXBuildFile section */
		491026C71BB3F787008BD09A /* UdacityContstants.swift in Sources */ = {isa = PBXBuildFile; fileRef = 491026C61BB3F787008BD09A /* UdacityContstants.swift */; settings = {ASSET_TAGS = (); }; };
		49163AF31BC3C3E300F1E8FD /* UdacityPost.swift in Sources */ = {isa = PBXBuildFile; fileRef = 49163AF21BC3C3E300F1E8FD /* UdacityPost.swift */; settings = {ASSET_TAGS = (); }; };
		49163AF51BC3C49000F1E8FD /* UdacityDelete.swift in Sources */ = {isa = PBXBuildFile; fileRef = 49163AF41BC3C49000F1E8FD /* UdacityDelete.swift */; settings = {ASSET_TAGS = (); }; };
		491D741B1BB1722A00EAAA34 /* AppDelegate.swift in Sources */ = {isa = PBXBuildFile; fileRef = 491D741A1BB1722A00EAAA34 /* AppDelegate.swift */; };
		491D74201BB1722A00EAAA34 /* Main.storyboard in Resources */ = {isa = PBXBuildFile; fileRef = 491D741E1BB1722A00EAAA34 /* Main.storyboard */; };
		491D74221BB1722A00EAAA34 /* Assets.xcassets in Resources */ = {isa = PBXBuildFile; fileRef = 491D74211BB1722A00EAAA34 /* Assets.xcassets */; };
		491D74251BB1722A00EAAA34 /* LaunchScreen.storyboard in Resources */ = {isa = PBXBuildFile; fileRef = 491D74231BB1722A00EAAA34 /* LaunchScreen.storyboard */; };
		491D74301BB1722A00EAAA34 /* OnTheMapTests.swift in Sources */ = {isa = PBXBuildFile; fileRef = 491D742F1BB1722A00EAAA34 /* OnTheMapTests.swift */; };
		491D743B1BB1722A00EAAA34 /* OnTheMapUITests.swift in Sources */ = {isa = PBXBuildFile; fileRef = 491D743A1BB1722A00EAAA34 /* OnTheMapUITests.swift */; };
		492EB1E31BBEC69300A313A7 /* StudentData.swift in Sources */ = {isa = PBXBuildFile; fileRef = 492EB1E21BBEC69300A313A7 /* StudentData.swift */; settings = {ASSET_TAGS = (); }; };
		49633D771BB298E400B394BF /* LoginViewController.swift in Sources */ = {isa = PBXBuildFile; fileRef = 49633D761BB298E400B394BF /* LoginViewController.swift */; settings = {ASSET_TAGS = (); }; };
		496F50051BBC4BD100EED8E6 /* MapViewController.swift in Sources */ = {isa = PBXBuildFile; fileRef = 496F50041BBC4BD100EED8E6 /* MapViewController.swift */; settings = {ASSET_TAGS = (); }; };
		496F50071BBC4BE900EED8E6 /* ListViewController.swift in Sources */ = {isa = PBXBuildFile; fileRef = 496F50061BBC4BE900EED8E6 /* ListViewController.swift */; settings = {ASSET_TAGS = (); }; };
		496F500B1BBC4CA300EED8E6 /* PostViewController.swift in Sources */ = {isa = PBXBuildFile; fileRef = 496F500A1BBC4CA300EED8E6 /* PostViewController.swift */; settings = {ASSET_TAGS = (); }; };
		4997560B1BC2C4B900C18E5E /* MainTabViewController.swift in Sources */ = {isa = PBXBuildFile; fileRef = 4997560A1BC2C4B900C18E5E /* MainTabViewController.swift */; settings = {ASSET_TAGS = (); }; };
		4999FFBD1C0EF9AE0085D16E /* Escaped.swift in Sources */ = {isa = PBXBuildFile; fileRef = 4999FFBC1C0EF9AE0085D16E /* Escaped.swift */; settings = {ASSET_TAGS = (); }; };
		4999FFBF1C0F2ABE0085D16E /* ParseGetLocations.swift in Sources */ = {isa = PBXBuildFile; fileRef = 4999FFBE1C0F2ABE0085D16E /* ParseGetLocations.swift */; settings = {ASSET_TAGS = (); }; };
		4999FFC11C0F2B000085D16E /* GetUserPublicData.swift in Sources */ = {isa = PBXBuildFile; fileRef = 4999FFC01C0F2B000085D16E /* GetUserPublicData.swift */; settings = {ASSET_TAGS = (); }; };
		49B86F7A1BB9D9200049753C /* UdacityClient.swift in Sources */ = {isa = PBXBuildFile; fileRef = 49B86F791BB9D9200049753C /* UdacityClient.swift */; settings = {ASSET_TAGS = (); }; };
/* End PBXBuildFile section */

/* Begin PBXContainerItemProxy section */
		491D742C1BB1722A00EAAA34 /* PBXContainerItemProxy */ = {
			isa = PBXContainerItemProxy;
			containerPortal = 491D740F1BB1722A00EAAA34 /* Project object */;
			proxyType = 1;
			remoteGlobalIDString = 491D74161BB1722A00EAAA34;
			remoteInfo = OnTheMap;
		};
		491D74371BB1722A00EAAA34 /* PBXContainerItemProxy */ = {
			isa = PBXContainerItemProxy;
			containerPortal = 491D740F1BB1722A00EAAA34 /* Project object */;
			proxyType = 1;
			remoteGlobalIDString = 491D74161BB1722A00EAAA34;
			remoteInfo = OnTheMap;
		};
/* End PBXContainerItemProxy section */

/* Begin PBXFileReference section */
		491026C61BB3F787008BD09A /* UdacityContstants.swift */ = {isa = PBXFileReference; fileEncoding = 4; lastKnownFileType = sourcecode.swift; path = UdacityContstants.swift; sourceTree = "<group>"; };
		49163AF21BC3C3E300F1E8FD /* UdacityPost.swift */ = {isa = PBXFileReference; fileEncoding = 4; lastKnownFileType = sourcecode.swift; path = UdacityPost.swift; sourceTree = "<group>"; };
		49163AF41BC3C49000F1E8FD /* UdacityDelete.swift */ = {isa = PBXFileReference; fileEncoding = 4; lastKnownFileType = sourcecode.swift; path = UdacityDelete.swift; sourceTree = "<group>"; };
		491D74171BB1722A00EAAA34 /* OnTheMap.app */ = {isa = PBXFileReference; explicitFileType = wrapper.application; includeInIndex = 0; path = OnTheMap.app; sourceTree = BUILT_PRODUCTS_DIR; };
		491D741A1BB1722A00EAAA34 /* AppDelegate.swift */ = {isa = PBXFileReference; lastKnownFileType = sourcecode.swift; path = AppDelegate.swift; sourceTree = "<group>"; };
		491D741F1BB1722A00EAAA34 /* Base */ = {isa = PBXFileReference; lastKnownFileType = file.storyboard; name = Base; path = Base.lproj/Main.storyboard; sourceTree = "<group>"; };
		491D74211BB1722A00EAAA34 /* Assets.xcassets */ = {isa = PBXFileReference; lastKnownFileType = folder.assetcatalog; path = Assets.xcassets; sourceTree = "<group>"; };
		491D74241BB1722A00EAAA34 /* Base */ = {isa = PBXFileReference; lastKnownFileType = file.storyboard; name = Base; path = Base.lproj/LaunchScreen.storyboard; sourceTree = "<group>"; };
		491D74261BB1722A00EAAA34 /* Info.plist */ = {isa = PBXFileReference; lastKnownFileType = text.plist.xml; path = Info.plist; sourceTree = "<group>"; };
		491D742B1BB1722A00EAAA34 /* OnTheMapTests.xctest */ = {isa = PBXFileReference; explicitFileType = wrapper.cfbundle; includeInIndex = 0; path = OnTheMapTests.xctest; sourceTree = BUILT_PRODUCTS_DIR; };
		491D742F1BB1722A00EAAA34 /* OnTheMapTests.swift */ = {isa = PBXFileReference; lastKnownFileType = sourcecode.swift; path = OnTheMapTests.swift; sourceTree = "<group>"; };
		491D74311BB1722A00EAAA34 /* Info.plist */ = {isa = PBXFileReference; lastKnownFileType = text.plist.xml; path = Info.plist; sourceTree = "<group>"; };
		491D74361BB1722A00EAAA34 /* OnTheMapUITests.xctest */ = {isa = PBXFileReference; explicitFileType = wrapper.cfbundle; includeInIndex = 0; path = OnTheMapUITests.xctest; sourceTree = BUILT_PRODUCTS_DIR; };
		491D743A1BB1722A00EAAA34 /* OnTheMapUITests.swift */ = {isa = PBXFileReference; lastKnownFileType = sourcecode.swift; path = OnTheMapUITests.swift; sourceTree = "<group>"; };
		491D743C1BB1722A00EAAA34 /* Info.plist */ = {isa = PBXFileReference; lastKnownFileType = text.plist.xml; path = Info.plist; sourceTree = "<group>"; };
		492EB1E21BBEC69300A313A7 /* StudentData.swift */ = {isa = PBXFileReference; fileEncoding = 4; lastKnownFileType = sourcecode.swift; path = StudentData.swift; sourceTree = "<group>"; };
		49633D761BB298E400B394BF /* LoginViewController.swift */ = {isa = PBXFileReference; fileEncoding = 4; lastKnownFileType = sourcecode.swift; path = LoginViewController.swift; sourceTree = "<group>"; };
		496F50041BBC4BD100EED8E6 /* MapViewController.swift */ = {isa = PBXFileReference; fileEncoding = 4; lastKnownFileType = sourcecode.swift; path = MapViewController.swift; sourceTree = "<group>"; };
		496F50061BBC4BE900EED8E6 /* ListViewController.swift */ = {isa = PBXFileReference; fileEncoding = 4; lastKnownFileType = sourcecode.swift; path = ListViewController.swift; sourceTree = "<group>"; };
		496F500A1BBC4CA300EED8E6 /* PostViewController.swift */ = {isa = PBXFileReference; fileEncoding = 4; lastKnownFileType = sourcecode.swift; path = PostViewController.swift; sourceTree = "<group>"; };
		4997560A1BC2C4B900C18E5E /* MainTabViewController.swift */ = {isa = PBXFileReference; fileEncoding = 4; lastKnownFileType = sourcecode.swift; path = MainTabViewController.swift; sourceTree = "<group>"; };
		4999FFBC1C0EF9AE0085D16E /* Escaped.swift */ = {isa = PBXFileReference; fileEncoding = 4; lastKnownFileType = sourcecode.swift; path = Escaped.swift; sourceTree = "<group>"; };
		4999FFBE1C0F2ABE0085D16E /* ParseGetLocations.swift */ = {isa = PBXFileReference; fileEncoding = 4; lastKnownFileType = sourcecode.swift; path = ParseGetLocations.swift; sourceTree = "<group>"; };
		4999FFC01C0F2B000085D16E /* GetUserPublicData.swift */ = {isa = PBXFileReference; fileEncoding = 4; lastKnownFileType = sourcecode.swift; path = GetUserPublicData.swift; sourceTree = "<group>"; };
		49B86F791BB9D9200049753C /* UdacityClient.swift */ = {isa = PBXFileReference; fileEncoding = 4; lastKnownFileType = sourcecode.swift; path = UdacityClient.swift; sourceTree = "<group>"; };
/* End PBXFileReference section */

/* Begin PBXFrameworksBuildPhase section */
		491D74141BB1722A00EAAA34 /* Frameworks */ = {
			isa = PBXFrameworksBuildPhase;
			buildActionMask = 2147483647;
			files = (
			);
			runOnlyForDeploymentPostprocessing = 0;
		};
		491D74281BB1722A00EAAA34 /* Frameworks */ = {
			isa = PBXFrameworksBuildPhase;
			buildActionMask = 2147483647;
			files = (
			);
			runOnlyForDeploymentPostprocessing = 0;
		};
		491D74331BB1722A00EAAA34 /* Frameworks */ = {
			isa = PBXFrameworksBuildPhase;
			buildActionMask = 2147483647;
			files = (
			);
			runOnlyForDeploymentPostprocessing = 0;
		};
/* End PBXFrameworksBuildPhase section */

/* Begin PBXGroup section */
		491026C81BB3F78C008BD09A /* Model */ = {
			isa = PBXGroup;
			children = (
				49B86F791BB9D9200049753C /* UdacityClient.swift */,
				4999FFBC1C0EF9AE0085D16E /* Escaped.swift */,
				491026C61BB3F787008BD09A /* UdacityContstants.swift */,
				49163AF21BC3C3E300F1E8FD /* UdacityPost.swift */,
				4999FFBE1C0F2ABE0085D16E /* ParseGetLocations.swift */,
				49163AF41BC3C49000F1E8FD /* UdacityDelete.swift */,
				492EB1E21BBEC69300A313A7 /* StudentData.swift */,
				4999FFC01C0F2B000085D16E /* GetUserPublicData.swift */,
			);
			name = Model;
			sourceTree = "<group>";
		};
		491D740E1BB1722A00EAAA34 = {
			isa = PBXGroup;
			children = (
				491D74191BB1722A00EAAA34 /* OnTheMap */,
				496F50001BBC070D00EED8E6 /* archive old promgramming */,
				491D742E1BB1722A00EAAA34 /* OnTheMapTests */,
				491D74391BB1722A00EAAA34 /* OnTheMapUITests */,
				491D74181BB1722A00EAAA34 /* Products */,
			);
			sourceTree = "<group>";
		};
		491D74181BB1722A00EAAA34 /* Products */ = {
			isa = PBXGroup;
			children = (
				491D74171BB1722A00EAAA34 /* OnTheMap.app */,
				491D742B1BB1722A00EAAA34 /* OnTheMapTests.xctest */,
				491D74361BB1722A00EAAA34 /* OnTheMapUITests.xctest */,
			);
			name = Products;
			sourceTree = "<group>";
		};
		491D74191BB1722A00EAAA34 /* OnTheMap */ = {
			isa = PBXGroup;
			children = (
				491D741E1BB1722A00EAAA34 /* Main.storyboard */,
				491D741A1BB1722A00EAAA34 /* AppDelegate.swift */,
				491026C81BB3F78C008BD09A /* Model */,
				491D74481BB1735500EAAA34 /* ViewControllers */,
				491D74211BB1722A00EAAA34 /* Assets.xcassets */,
				491D74231BB1722A00EAAA34 /* LaunchScreen.storyboard */,
				491D74261BB1722A00EAAA34 /* Info.plist */,
			);
			path = OnTheMap;
			sourceTree = "<group>";
		};
		491D742E1BB1722A00EAAA34 /* OnTheMapTests */ = {
			isa = PBXGroup;
			children = (
				491D742F1BB1722A00EAAA34 /* OnTheMapTests.swift */,
				491D74311BB1722A00EAAA34 /* Info.plist */,
			);
			path = OnTheMapTests;
			sourceTree = "<group>";
		};
		491D74391BB1722A00EAAA34 /* OnTheMapUITests */ = {
			isa = PBXGroup;
			children = (
				491D743A1BB1722A00EAAA34 /* OnTheMapUITests.swift */,
				491D743C1BB1722A00EAAA34 /* Info.plist */,
			);
			path = OnTheMapUITests;
			sourceTree = "<group>";
		};
		491D74481BB1735500EAAA34 /* ViewControllers */ = {
			isa = PBXGroup;
			children = (
				49633D761BB298E400B394BF /* LoginViewController.swift */,
				4997560A1BC2C4B900C18E5E /* MainTabViewController.swift */,
				496F50061BBC4BE900EED8E6 /* ListViewController.swift */,
				496F50041BBC4BD100EED8E6 /* MapViewController.swift */,
				496F500A1BBC4CA300EED8E6 /* PostViewController.swift */,
			);
			name = ViewControllers;
			sourceTree = "<group>";
		};
		496F50001BBC070D00EED8E6 /* archive old promgramming */ = {
			isa = PBXGroup;
			children = (
			);
			name = "archive old promgramming";
			path = OnTheMap;
			sourceTree = "<group>";
		};
/* End PBXGroup section */

/* Begin PBXNativeTarget section */
		491D74161BB1722A00EAAA34 /* OnTheMap */ = {
			isa = PBXNativeTarget;
			buildConfigurationList = 491D743F1BB1722A00EAAA34 /* Build configuration list for PBXNativeTarget "OnTheMap" */;
			buildPhases = (
				491D74131BB1722A00EAAA34 /* Sources */,
				491D74141BB1722A00EAAA34 /* Frameworks */,
				491D74151BB1722A00EAAA34 /* Resources */,
			);
			buildRules = (
			);
			dependencies = (
			);
			name = OnTheMap;
			productName = OnTheMap;
			productReference = 491D74171BB1722A00EAAA34 /* OnTheMap.app */;
			productType = "com.apple.product-type.application";
		};
		491D742A1BB1722A00EAAA34 /* OnTheMapTests */ = {
			isa = PBXNativeTarget;
			buildConfigurationList = 491D74421BB1722A00EAAA34 /* Build configuration list for PBXNativeTarget "OnTheMapTests" */;
			buildPhases = (
				491D74271BB1722A00EAAA34 /* Sources */,
				491D74281BB1722A00EAAA34 /* Frameworks */,
				491D74291BB1722A00EAAA34 /* Resources */,
			);
			buildRules = (
			);
			dependencies = (
				491D742D1BB1722A00EAAA34 /* PBXTargetDependency */,
			);
			name = OnTheMapTests;
			productName = OnTheMapTests;
			productReference = 491D742B1BB1722A00EAAA34 /* OnTheMapTests.xctest */;
			productType = "com.apple.product-type.bundle.unit-test";
		};
		491D74351BB1722A00EAAA34 /* OnTheMapUITests */ = {
			isa = PBXNativeTarget;
			buildConfigurationList = 491D74451BB1722A00EAAA34 /* Build configuration list for PBXNativeTarget "OnTheMapUITests" */;
			buildPhases = (
				491D74321BB1722A00EAAA34 /* Sources */,
				491D74331BB1722A00EAAA34 /* Frameworks */,
				491D74341BB1722A00EAAA34 /* Resources */,
			);
			buildRules = (
			);
			dependencies = (
				491D74381BB1722A00EAAA34 /* PBXTargetDependency */,
			);
			name = OnTheMapUITests;
			productName = OnTheMapUITests;
			productReference = 491D74361BB1722A00EAAA34 /* OnTheMapUITests.xctest */;
			productType = "com.apple.product-type.bundle.ui-testing";
		};
/* End PBXNativeTarget section */

/* Begin PBXProject section */
		491D740F1BB1722A00EAAA34 /* Project object */ = {
			isa = PBXProject;
			attributes = {
				LastUpgradeCheck = 0700;
				ORGANIZATIONNAME = Firekite;
				TargetAttributes = {
					491D74161BB1722A00EAAA34 = {
						CreatedOnToolsVersion = 7.0;
					};
					491D742A1BB1722A00EAAA34 = {
						CreatedOnToolsVersion = 7.0;
						TestTargetID = 491D74161BB1722A00EAAA34;
					};
					491D74351BB1722A00EAAA34 = {
						CreatedOnToolsVersion = 7.0;
						TestTargetID = 491D74161BB1722A00EAAA34;
					};
				};
			};
			buildConfigurationList = 491D74121BB1722A00EAAA34 /* Build configuration list for PBXProject "OnTheMap" */;
			compatibilityVersion = "Xcode 3.2";
			developmentRegion = English;
			hasScannedForEncodings = 0;
			knownRegions = (
				en,
				Base,
			);
			mainGroup = 491D740E1BB1722A00EAAA34;
			productRefGroup = 491D74181BB1722A00EAAA34 /* Products */;
			projectDirPath = "";
			projectRoot = "";
			targets = (
				491D74161BB1722A00EAAA34 /* OnTheMap */,
				491D742A1BB1722A00EAAA34 /* OnTheMapTests */,
				491D74351BB1722A00EAAA34 /* OnTheMapUITests */,
			);
		};
/* End PBXProject section */

/* Begin PBXResourcesBuildPhase section */
		491D74151BB1722A00EAAA34 /* Resources */ = {
			isa = PBXResourcesBuildPhase;
			buildActionMask = 2147483647;
			files = (
				491D74251BB1722A00EAAA34 /* LaunchScreen.storyboard in Resources */,
				491D74221BB1722A00EAAA34 /* Assets.xcassets in Resources */,
				491D74201BB1722A00EAAA34 /* Main.storyboard in Resources */,
			);
			runOnlyForDeploymentPostprocessing = 0;
		};
		491D74291BB1722A00EAAA34 /* Resources */ = {
			isa = PBXResourcesBuildPhase;
			buildActionMask = 2147483647;
			files = (
			);
			runOnlyForDeploymentPostprocessing = 0;
		};
		491D74341BB1722A00EAAA34 /* Resources */ = {
			isa = PBXResourcesBuildPhase;
			buildActionMask = 2147483647;
			files = (
			);
			runOnlyForDeploymentPostprocessing = 0;
		};
/* End PBXResourcesBuildPhase section */

/* Begin PBXSourcesBuildPhase section */
		491D74131BB1722A00EAAA34 /* Sources */ = {
			isa = PBXSourcesBuildPhase;
			buildActionMask = 2147483647;
			files = (
				49B86F7A1BB9D9200049753C /* UdacityClient.swift in Sources */,
				491D741B1BB1722A00EAAA34 /* AppDelegate.swift in Sources */,
				4999FFC11C0F2B000085D16E /* GetUserPublicData.swift in Sources */,
				4997560B1BC2C4B900C18E5E /* MainTabViewController.swift in Sources */,
				49163AF51BC3C49000F1E8FD /* UdacityDelete.swift in Sources */,
				496F500B1BBC4CA300EED8E6 /* PostViewController.swift in Sources */,
				491026C71BB3F787008BD09A /* UdacityContstants.swift in Sources */,
				492EB1E31BBEC69300A313A7 /* StudentData.swift in Sources */,
				4999FFBF1C0F2ABE0085D16E /* ParseGetLocations.swift in Sources */,
				49163AF31BC3C3E300F1E8FD /* UdacityPost.swift in Sources */,
				49633D771BB298E400B394BF /* LoginViewController.swift in Sources */,
				496F50071BBC4BE900EED8E6 /* ListViewController.swift in Sources */,
				496F50051BBC4BD100EED8E6 /* MapViewController.swift in Sources */,
				4999FFBD1C0EF9AE0085D16E /* Escaped.swift in Sources */,
			);
			runOnlyForDeploymentPostprocessing = 0;
		};
		491D74271BB1722A00EAAA34 /* Sources */ = {
			isa = PBXSourcesBuildPhase;
			buildActionMask = 2147483647;
			files = (
				491D74301BB1722A00EAAA34 /* OnTheMapTests.swift in Sources */,
			);
			runOnlyForDeploymentPostprocessing = 0;
		};
		491D74321BB1722A00EAAA34 /* Sources */ = {
			isa = PBXSourcesBuildPhase;
			buildActionMask = 2147483647;
			files = (
				491D743B1BB1722A00EAAA34 /* OnTheMapUITests.swift in Sources */,
			);
			runOnlyForDeploymentPostprocessing = 0;
		};
/* End PBXSourcesBuildPhase section */

/* Begin PBXTargetDependency section */
		491D742D1BB1722A00EAAA34 /* PBXTargetDependency */ = {
			isa = PBXTargetDependency;
			target = 491D74161BB1722A00EAAA34 /* OnTheMap */;
			targetProxy = 491D742C1BB1722A00EAAA34 /* PBXContainerItemProxy */;
		};
		491D74381BB1722A00EAAA34 /* PBXTargetDependency */ = {
			isa = PBXTargetDependency;
			target = 491D74161BB1722A00EAAA34 /* OnTheMap */;
			targetProxy = 491D74371BB1722A00EAAA34 /* PBXContainerItemProxy */;
		};
/* End PBXTargetDependency section */

/* Begin PBXVariantGroup section */
		491D741E1BB1722A00EAAA34 /* Main.storyboard */ = {
			isa = PBXVariantGroup;
			children = (
				491D741F1BB1722A00EAAA34 /* Base */,
			);
			name = Main.storyboard;
			sourceTree = "<group>";
		};
		491D74231BB1722A00EAAA34 /* LaunchScreen.storyboard */ = {
			isa = PBXVariantGroup;
			children = (
				491D74241BB1722A00EAAA34 /* Base */,
			);
			name = LaunchScreen.storyboard;
			sourceTree = "<group>";
		};
/* End PBXVariantGroup section */

/* Begin XCBuildConfiguration section */
		491D743D1BB1722A00EAAA34 /* Debug */ = {
			isa = XCBuildConfiguration;
			buildSettings = {
				ALWAYS_SEARCH_USER_PATHS = NO;
				CLANG_CXX_LANGUAGE_STANDARD = "gnu++0x";
				CLANG_CXX_LIBRARY = "libc++";
				CLANG_ENABLE_MODULES = YES;
				CLANG_ENABLE_OBJC_ARC = YES;
				CLANG_WARN_BOOL_CONVERSION = YES;
				CLANG_WARN_CONSTANT_CONVERSION = YES;
				CLANG_WARN_DIRECT_OBJC_ISA_USAGE = YES_ERROR;
				CLANG_WARN_EMPTY_BODY = YES;
				CLANG_WARN_ENUM_CONVERSION = YES;
				CLANG_WARN_INT_CONVERSION = YES;
				CLANG_WARN_OBJC_ROOT_CLASS = YES_ERROR;
				CLANG_WARN_UNREACHABLE_CODE = YES;
				CLANG_WARN__DUPLICATE_METHOD_MATCH = YES;
				"CODE_SIGN_IDENTITY[sdk=iphoneos*]" = "iPhone Developer";
				COPY_PHASE_STRIP = NO;
				DEBUG_INFORMATION_FORMAT = dwarf;
				ENABLE_STRICT_OBJC_MSGSEND = YES;
				ENABLE_TESTABILITY = YES;
				GCC_C_LANGUAGE_STANDARD = gnu99;
				GCC_DYNAMIC_NO_PIC = NO;
				GCC_NO_COMMON_BLOCKS = YES;
				GCC_OPTIMIZATION_LEVEL = 0;
				GCC_PREPROCESSOR_DEFINITIONS = (
					"DEBUG=1",
					"$(inherited)",
				);
				GCC_WARN_64_TO_32_BIT_CONVERSION = YES;
				GCC_WARN_ABOUT_RETURN_TYPE = YES_ERROR;
				GCC_WARN_UNDECLARED_SELECTOR = YES;
				GCC_WARN_UNINITIALIZED_AUTOS = YES_AGGRESSIVE;
				GCC_WARN_UNUSED_FUNCTION = YES;
				GCC_WARN_UNUSED_VARIABLE = YES;
				IPHONEOS_DEPLOYMENT_TARGET = 9.0;
				MTL_ENABLE_DEBUG_INFO = YES;
				ONLY_ACTIVE_ARCH = YES;
				SDKROOT = iphoneos;
				SWIFT_OPTIMIZATION_LEVEL = "-Onone";
				TARGETED_DEVICE_FAMILY = "1,2";
			};
			name = Debug;
		};
		491D743E1BB1722A00EAAA34 /* Release */ = {
			isa = XCBuildConfiguration;
			buildSettings = {
				ALWAYS_SEARCH_USER_PATHS = NO;
				CLANG_CXX_LANGUAGE_STANDARD = "gnu++0x";
				CLANG_CXX_LIBRARY = "libc++";
				CLANG_ENABLE_MODULES = YES;
				CLANG_ENABLE_OBJC_ARC = YES;
				CLANG_WARN_BOOL_CONVERSION = YES;
				CLANG_WARN_CONSTANT_CONVERSION = YES;
				CLANG_WARN_DIRECT_OBJC_ISA_USAGE = YES_ERROR;
				CLANG_WARN_EMPTY_BODY = YES;
				CLANG_WARN_ENUM_CONVERSION = YES;
				CLANG_WARN_INT_CONVERSION = YES;
				CLANG_WARN_OBJC_ROOT_CLASS = YES_ERROR;
				CLANG_WARN_UNREACHABLE_CODE = YES;
				CLANG_WARN__DUPLICATE_METHOD_MATCH = YES;
				"CODE_SIGN_IDENTITY[sdk=iphoneos*]" = "iPhone Developer";
				COPY_PHASE_STRIP = NO;
				DEBUG_INFORMATION_FORMAT = "dwarf-with-dsym";
				ENABLE_NS_ASSERTIONS = NO;
				ENABLE_STRICT_OBJC_MSGSEND = YES;
				GCC_C_LANGUAGE_STANDARD = gnu99;
				GCC_NO_COMMON_BLOCKS = YES;
				GCC_WARN_64_TO_32_BIT_CONVERSION = YES;
				GCC_WARN_ABOUT_RETURN_TYPE = YES_ERROR;
				GCC_WARN_UNDECLARED_SELECTOR = YES;
				GCC_WARN_UNINITIALIZED_AUTOS = YES_AGGRESSIVE;
				GCC_WARN_UNUSED_FUNCTION = YES;
				GCC_WARN_UNUSED_VARIABLE = YES;
				IPHONEOS_DEPLOYMENT_TARGET = 9.0;
				MTL_ENABLE_DEBUG_INFO = NO;
				SDKROOT = iphoneos;
				TARGETED_DEVICE_FAMILY = "1,2";
				VALIDATE_PRODUCT = YES;
			};
			name = Release;
		};
		491D74401BB1722A00EAAA34 /* Debug */ = {
			isa = XCBuildConfiguration;
			buildSettings = {
				ASSETCATALOG_COMPILER_APPICON_NAME = AppIcon;
				INFOPLIST_FILE = OnTheMap/Info.plist;
				IPHONEOS_DEPLOYMENT_TARGET = 8.0;
				LD_RUNPATH_SEARCH_PATHS = "$(inherited) @executable_path/Frameworks";
				PRODUCT_BUNDLE_IDENTIFIER = co.uk.firekite.OnTheMap;
				PRODUCT_NAME = "$(TARGET_NAME)";
			};
			name = Debug;
		};
		491D74411BB1722A00EAAA34 /* Release */ = {
			isa = XCBuildConfiguration;
			buildSettings = {
				ASSETCATALOG_COMPILER_APPICON_NAME = AppIcon;
				INFOPLIST_FILE = OnTheMap/Info.plist;
				IPHONEOS_DEPLOYMENT_TARGET = 8.0;
				LD_RUNPATH_SEARCH_PATHS = "$(inherited) @executable_path/Frameworks";
				PRODUCT_BUNDLE_IDENTIFIER = co.uk.firekite.OnTheMap;
				PRODUCT_NAME = "$(TARGET_NAME)";
			};
			name = Release;
		};
		491D74431BB1722A00EAAA34 /* Debug */ = {
			isa = XCBuildConfiguration;
			buildSettings = {
				BUNDLE_LOADER = "$(TEST_HOST)";
				INFOPLIST_FILE = OnTheMapTests/Info.plist;
				LD_RUNPATH_SEARCH_PATHS = "$(inherited) @executable_path/Frameworks @loader_path/Frameworks";
				PRODUCT_BUNDLE_IDENTIFIER = co.uk.firekite.OnTheMapTests;
				PRODUCT_NAME = "$(TARGET_NAME)";
				TEST_HOST = "$(BUILT_PRODUCTS_DIR)/OnTheMap.app/OnTheMap";
			};
			name = Debug;
		};
		491D74441BB1722A00EAAA34 /* Release */ = {
			isa = XCBuildConfiguration;
			buildSettings = {
				BUNDLE_LOADER = "$(TEST_HOST)";
				INFOPLIST_FILE = OnTheMapTests/Info.plist;
				LD_RUNPATH_SEARCH_PATHS = "$(inherited) @executable_path/Frameworks @loader_path/Frameworks";
				PRODUCT_BUNDLE_IDENTIFIER = co.uk.firekite.OnTheMapTests;
				PRODUCT_NAME = "$(TARGET_NAME)";
				TEST_HOST = "$(BUILT_PRODUCTS_DIR)/OnTheMap.app/OnTheMap";
			};
			name = Release;
		};
		491D74461BB1722A00EAAA34 /* Debug */ = {
			isa = XCBuildConfiguration;
			buildSettings = {
				INFOPLIST_FILE = OnTheMapUITests/Info.plist;
				LD_RUNPATH_SEARCH_PATHS = "$(inherited) @executable_path/Frameworks @loader_path/Frameworks";
				PRODUCT_BUNDLE_IDENTIFIER = co.uk.firekite.OnTheMapUITests;
				PRODUCT_NAME = "$(TARGET_NAME)";
				TEST_TARGET_NAME = OnTheMap;
				USES_XCTRUNNER = YES;
			};
			name = Debug;
		};
		491D74471BB1722A00EAAA34 /* Release */ = {
			isa = XCBuildConfiguration;
			buildSettings = {
				INFOPLIST_FILE = OnTheMapUITests/Info.plist;
				LD_RUNPATH_SEARCH_PATHS = "$(inherited) @executable_path/Frameworks @loader_path/Frameworks";
				PRODUCT_BUNDLE_IDENTIFIER = co.uk.firekite.OnTheMapUITests;
				PRODUCT_NAME = "$(TARGET_NAME)";
				TEST_TARGET_NAME = OnTheMap;
				USES_XCTRUNNER = YES;
			};
			name = Release;
		};
/* End XCBuildConfiguration section */

/* Begin XCConfigurationList section */
		491D74121BB1722A00EAAA34 /* Build configuration list for PBXProject "OnTheMap" */ = {
			isa = XCConfigurationList;
			buildConfigurations = (
				491D743D1BB1722A00EAAA34 /* Debug */,
				491D743E1BB1722A00EAAA34 /* Release */,
			);
			defaultConfigurationIsVisible = 0;
			defaultConfigurationName = Release;
		};
		491D743F1BB1722A00EAAA34 /* Build configuration list for PBXNativeTarget "OnTheMap" */ = {
			isa = XCConfigurationList;
			buildConfigurations = (
				491D74401BB1722A00EAAA34 /* Debug */,
				491D74411BB1722A00EAAA34 /* Release */,
			);
			defaultConfigurationIsVisible = 0;
			defaultConfigurationName = Release;
		};
		491D74421BB1722A00EAAA34 /* Build configuration list for PBXNativeTarget "OnTheMapTests" */ = {
			isa = XCConfigurationList;
			buildConfigurations = (
				491D74431BB1722A00EAAA34 /* Debug */,
				491D74441BB1722A00EAAA34 /* Release */,
			);
			defaultConfigurationIsVisible = 0;
			defaultConfigurationName = Release;
		};
		491D74451BB1722A00EAAA34 /* Build configuration list for PBXNativeTarget "OnTheMapUITests" */ = {
			isa = XCConfigurationList;
			buildConfigurations = (
				491D74461BB1722A00EAAA34 /* Debug */,
				491D74471BB1722A00EAAA34 /* Release */,
			);
			defaultConfigurationIsVisible = 0;
			defaultConfigurationName = Release;
		};
/* End XCConfigurationList section */
	};
	rootObject = 491D740F1BB1722A00EAAA34 /* Project object */;
}
